
Microsoft Visual Studio Solution File, Format Version 12.00
# Visual Studio 14
VisualStudioVersion = 14.0.24720.0
MinimumVisualStudioVersion = 10.0.40219.1
Project("{FAE04EC0-301F-11D3-BF4B-00C04F79EFBC}") = "IdAdminka", "IdAdminka\IdAdminka.csproj", "{53253802-DD2B-43A9-8C71-592D7B37D848}"
EndProject
Project("{FAE04EC0-301F-11D3-BF4B-00C04F79EFBC}") = "Id.domen", "Id.domen\Id.domen.csproj", "{F09D226A-BE19-490F-998E-9284E4BBEFF8}"
EndProject
Project("{FAE04EC0-301F-11D3-BF4B-00C04F79EFBC}") = "id.test", "id.test\id.test.csproj", "{CFB3F37D-7AC6-4E1B-93E0-560212CF9D6C}"
EndProject
Global
	GlobalSection(SolutionConfigurationPlatforms) = preSolution
		Debug|Any CPU = Debug|Any CPU
		Release|Any CPU = Release|Any CPU
	EndGlobalSection
	GlobalSection(ProjectConfigurationPlatforms) = postSolution
		{53253802-DD2B-43A9-8C71-592D7B37D848}.Debug|Any CPU.ActiveCfg = Debug|Any CPU
		{53253802-DD2B-43A9-8C71-592D7B37D848}.Debug|Any CPU.Build.0 = Debug|Any CPU
		{53253802-DD2B-43A9-8C71-592D7B37D848}.Release|Any CPU.ActiveCfg = Release|Any CPU
		{53253802-DD2B-43A9-8C71-592D7B37D848}.Release|Any CPU.Build.0 = Release|Any CPU
		{F09D226A-BE19-490F-998E-9284E4BBEFF8}.Debug|Any CPU.ActiveCfg = Debug|Any CPU
		{F09D226A-BE19-490F-998E-9284E4BBEFF8}.Debug|Any CPU.Build.0 = Debug|Any CPU
		{F09D226A-BE19-490F-998E-9284E4BBEFF8}.Release|Any CPU.ActiveCfg = Release|Any CPU
		{F09D226A-BE19-490F-998E-9284E4BBEFF8}.Release|Any CPU.Build.0 = Release|Any CPU
		{CFB3F37D-7AC6-4E1B-93E0-560212CF9D6C}.Debug|Any CPU.ActiveCfg = Debug|Any CPU
		{CFB3F37D-7AC6-4E1B-93E0-560212CF9D6C}.Debug|Any CPU.Build.0 = Debug|Any CPU
		{CFB3F37D-7AC6-4E1B-93E0-560212CF9D6C}.Release|Any CPU.ActiveCfg = Release|Any CPU
		{CFB3F37D-7AC6-4E1B-93E0-560212CF9D6C}.Release|Any CPU.Build.0 = Release|Any CPU
	EndGlobalSection
	GlobalSection(SolutionProperties) = preSolution
		HideSolutionNode = FALSE
	EndGlobalSection
EndGlobal
